// !$*UTF8*$!
{
	archiveVersion = 1;
	classes = {
	};
	objectVersion = 46;
	objects = {

/* Begin PBXBuildFile section */
		8E0710411764EE12009467EC /* krystal_test.cpp in Sources */ = {isa = PBXBuildFile; fileRef = 8E07103F1764EE12009467EC /* krystal_test.cpp */; };
		8E071044176504AB009467EC /* document.cpp in Sources */ = {isa = PBXBuildFile; fileRef = 8E071042176504AB009467EC /* document.cpp */; };
		8E0710471765C8A7009467EC /* reader.cpp in Sources */ = {isa = PBXBuildFile; fileRef = 8E0710451765C8A7009467EC /* reader.cpp */; };
		8E07104A1765C8ED009467EC /* value.cpp in Sources */ = {isa = PBXBuildFile; fileRef = 8E0710481765C8ED009467EC /* value.cpp */; };
		8EE2B278176B38FC0046FC5B /* checks.cpp in Sources */ = {isa = PBXBuildFile; fileRef = 8EE2B272176B38FC0046FC5B /* checks.cpp */; };
		8EE2B279176B38FC0046FC5B /* helpers.cpp in Sources */ = {isa = PBXBuildFile; fileRef = 8EE2B273176B38FC0046FC5B /* helpers.cpp */; };
		8EE2B27A176B38FC0046FC5B /* Inquisition.cpp in Sources */ = {isa = PBXBuildFile; fileRef = 8EE2B274176B38FC0046FC5B /* Inquisition.cpp */; };
		8EE2B27B176B38FC0046FC5B /* Test.cpp in Sources */ = {isa = PBXBuildFile; fileRef = 8EE2B275176B38FC0046FC5B /* Test.cpp */; };
		8EE2B27C176B38FC0046FC5B /* TestReport.cpp in Sources */ = {isa = PBXBuildFile; fileRef = 8EE2B276176B38FC0046FC5B /* TestReport.cpp */; };
		8EE2B27D176B38FC0046FC5B /* TestRun.cpp in Sources */ = {isa = PBXBuildFile; fileRef = 8EE2B277176B38FC0046FC5B /* TestRun.cpp */; };
/* End PBXBuildFile section */

/* Begin PBXCopyFilesBuildPhase section */
		8E0710311764EDC9009467EC /* CopyFiles */ = {
			isa = PBXCopyFilesBuildPhase;
			buildActionMask = 2147483647;
			dstPath = /usr/share/man/man1/;
			dstSubfolderSpec = 0;
			files = (
			);
			runOnlyForDeploymentPostprocessing = 1;
		};
/* End PBXCopyFilesBuildPhase section */

/* Begin PBXFileReference section */
		8E0710331764EDC9009467EC /* krystal_test */ = {isa = PBXFileReference; explicitFileType = "compiled.mach-o.executable"; includeInIndex = 0; path = krystal_test; sourceTree = BUILT_PRODUCTS_DIR; };
		8E07103F1764EE12009467EC /* krystal_test.cpp */ = {isa = PBXFileReference; fileEncoding = 4; lastKnownFileType = sourcecode.cpp.cpp; name = krystal_test.cpp; path = test/krystal_test.cpp; sourceTree = "<group>"; };
		8E071042176504AB009467EC /* document.cpp */ = {isa = PBXFileReference; fileEncoding = 4; lastKnownFileType = sourcecode.cpp.cpp; path = document.cpp; sourceTree = "<group>"; };
		8E071043176504AB009467EC /* document.hpp */ = {isa = PBXFileReference; fileEncoding = 4; lastKnownFileType = sourcecode.cpp.h; path = document.hpp; sourceTree = "<group>"; };
		8E0710451765C8A7009467EC /* reader.cpp */ = {isa = PBXFileReference; fileEncoding = 4; lastKnownFileType = sourcecode.cpp.cpp; path = reader.cpp; sourceTree = "<group>"; };
		8E0710461765C8A7009467EC /* reader.hpp */ = {isa = PBXFileReference; fileEncoding = 4; lastKnownFileType = sourcecode.cpp.h; path = reader.hpp; sourceTree = "<group>"; };
		8E0710481765C8ED009467EC /* value.cpp */ = {isa = PBXFileReference; fileEncoding = 4; lastKnownFileType = sourcecode.cpp.cpp; path = value.cpp; sourceTree = "<group>"; };
		8E0710491765C8ED009467EC /* value.hpp */ = {isa = PBXFileReference; fileEncoding = 4; lastKnownFileType = sourcecode.cpp.h; path = value.hpp; sourceTree = "<group>"; };
		8EC6592F177052150013513E /* test_performance.hpp */ = {isa = PBXFileReference; lastKnownFileType = sourcecode.cpp.h; name = test_performance.hpp; path = test/test_performance.hpp; sourceTree = "<group>"; };
		8EE2B272176B38FC0046FC5B /* checks.cpp */ = {isa = PBXFileReference; fileEncoding = 4; lastKnownFileType = sourcecode.cpp.cpp; name = checks.cpp; path = ../Inquisition/checks.cpp; sourceTree = "<group>"; };
		8EE2B273176B38FC0046FC5B /* helpers.cpp */ = {isa = PBXFileReference; fileEncoding = 4; lastKnownFileType = sourcecode.cpp.cpp; name = helpers.cpp; path = ../Inquisition/helpers.cpp; sourceTree = "<group>"; };
		8EE2B274176B38FC0046FC5B /* Inquisition.cpp */ = {isa = PBXFileReference; fileEncoding = 4; lastKnownFileType = sourcecode.cpp.cpp; name = Inquisition.cpp; path = ../Inquisition/Inquisition.cpp; sourceTree = "<group>"; };
		8EE2B275176B38FC0046FC5B /* Test.cpp */ = {isa = PBXFileReference; fileEncoding = 4; lastKnownFileType = sourcecode.cpp.cpp; name = Test.cpp; path = ../Inquisition/Test.cpp; sourceTree = "<group>"; };
		8EE2B276176B38FC0046FC5B /* TestReport.cpp */ = {isa = PBXFileReference; fileEncoding = 4; lastKnownFileType = sourcecode.cpp.cpp; name = TestReport.cpp; path = ../Inquisition/TestReport.cpp; sourceTree = "<group>"; };
		8EE2B277176B38FC0046FC5B /* TestRun.cpp */ = {isa = PBXFileReference; fileEncoding = 4; lastKnownFileType = sourcecode.cpp.cpp; name = TestRun.cpp; path = ../Inquisition/TestRun.cpp; sourceTree = "<group>"; };
		8EE2B27E176B3B740046FC5B /* checks.h */ = {isa = PBXFileReference; lastKnownFileType = sourcecode.c.h; name = checks.h; path = ../Inquisition/checks.h; sourceTree = "<group>"; };
		8EE2B27F176B3B740046FC5B /* helpers.h */ = {isa = PBXFileReference; lastKnownFileType = sourcecode.c.h; name = helpers.h; path = ../Inquisition/helpers.h; sourceTree = "<group>"; };
		8EE2B280176B3B740046FC5B /* Inquisition.h */ = {isa = PBXFileReference; lastKnownFileType = sourcecode.c.h; name = Inquisition.h; path = ../Inquisition/Inquisition.h; sourceTree = "<group>"; };
		8EE2B281176B3B740046FC5B /* Test.h */ = {isa = PBXFileReference; lastKnownFileType = sourcecode.c.h; name = Test.h; path = ../Inquisition/Test.h; sourceTree = "<group>"; };
		8EE2B282176B3B740046FC5B /* TestReport.h */ = {isa = PBXFileReference; lastKnownFileType = sourcecode.c.h; name = TestReport.h; path = ../Inquisition/TestReport.h; sourceTree = "<group>"; };
		8EE2B283176B3B740046FC5B /* TestRun.h */ = {isa = PBXFileReference; lastKnownFileType = sourcecode.c.h; name = TestRun.h; path = ../Inquisition/TestRun.h; sourceTree = "<group>"; };
		8EF50D71176E286E000086DF /* test_value.hpp */ = {isa = PBXFileReference; lastKnownFileType = sourcecode.cpp.h; name = test_value.hpp; path = test/test_value.hpp; sourceTree = "<group>"; };
		8EF50D72176E2A64000086DF /* test_reader.hpp */ = {isa = PBXFileReference; lastKnownFileType = sourcecode.cpp.h; name = test_reader.hpp; path = test/test_reader.hpp; sourceTree = "<group>"; };
		8EF50D73176E2D5A000086DF /* krystal.hpp */ = {isa = PBXFileReference; lastKnownFileType = sourcecode.cpp.h; path = krystal.hpp; sourceTree = "<group>"; };
		8EF50D74176E5651000086DF /* test_jsonchecker.hpp */ = {isa = PBXFileReference; lastKnownFileType = sourcecode.cpp.h; name = test_jsonchecker.hpp; path = test/test_jsonchecker.hpp; sourceTree = "<group>"; };
/* End PBXFileReference section */

/* Begin PBXFrameworksBuildPhase section */
		8E0710301764EDC9009467EC /* Frameworks */ = {
			isa = PBXFrameworksBuildPhase;
			buildActionMask = 2147483647;
			files = (
			);
			runOnlyForDeploymentPostprocessing = 0;
		};
/* End PBXFrameworksBuildPhase section */

/* Begin PBXGroup section */
		8E0710281764ED8C009467EC = {
			isa = PBXGroup;
			children = (
				8E07103D1764EDE0009467EC /* krystal */,
				8E07103E1764EDE7009467EC /* test */,
				8E0710341764EDC9009467EC /* Products */,
			);
			sourceTree = "<group>";
		};
		8E0710341764EDC9009467EC /* Products */ = {
			isa = PBXGroup;
			children = (
				8E0710331764EDC9009467EC /* krystal_test */,
			);
			name = Products;
			sourceTree = "<group>";
		};
		8E07103D1764EDE0009467EC /* krystal */ = {
			isa = PBXGroup;
			children = (
				8E071042176504AB009467EC /* document.cpp */,
				8E071043176504AB009467EC /* document.hpp */,
				8E0710451765C8A7009467EC /* reader.cpp */,
				8E0710461765C8A7009467EC /* reader.hpp */,
				8E0710481765C8ED009467EC /* value.cpp */,
				8E0710491765C8ED009467EC /* value.hpp */,
				8EF50D73176E2D5A000086DF /* krystal.hpp */,
			);
			name = krystal;
			sourceTree = "<group>";
		};
		8E07103E1764EDE7009467EC /* test */ = {
			isa = PBXGroup;
			children = (
				8EE2B271176B38D20046FC5B /* inquisition */,
				8E07103F1764EE12009467EC /* krystal_test.cpp */,
				8EC6592F177052150013513E /* test_performance.hpp */,
				8EF50D72176E2A64000086DF /* test_reader.hpp */,
				8EF50D71176E286E000086DF /* test_value.hpp */,
				8EF50D74176E5651000086DF /* test_jsonchecker.hpp */,
			);
			name = test;
			sourceTree = "<group>";
		};
		8EE2B271176B38D20046FC5B /* inquisition */ = {
			isa = PBXGroup;
			children = (
				8EE2B272176B38FC0046FC5B /* checks.cpp */,
				8EE2B27E176B3B740046FC5B /* checks.h */,
				8EE2B273176B38FC0046FC5B /* helpers.cpp */,
				8EE2B27F176B3B740046FC5B /* helpers.h */,
				8EE2B274176B38FC0046FC5B /* Inquisition.cpp */,
				8EE2B280176B3B740046FC5B /* Inquisition.h */,
				8EE2B275176B38FC0046FC5B /* Test.cpp */,
				8EE2B281176B3B740046FC5B /* Test.h */,
				8EE2B276176B38FC0046FC5B /* TestReport.cpp */,
				8EE2B282176B3B740046FC5B /* TestReport.h */,
				8EE2B277176B38FC0046FC5B /* TestRun.cpp */,
				8EE2B283176B3B740046FC5B /* TestRun.h */,
			);
			name = inquisition;
			sourceTree = "<group>";
		};
/* End PBXGroup section */

/* Begin PBXNativeTarget section */
		8E0710321764EDC9009467EC /* krystal_test */ = {
			isa = PBXNativeTarget;
			buildConfigurationList = 8E07103A1764EDC9009467EC /* Build configuration list for PBXNativeTarget "krystal_test" */;
			buildPhases = (
				8E07102F1764EDC9009467EC /* Sources */,
				8E0710301764EDC9009467EC /* Frameworks */,
				8E0710311764EDC9009467EC /* CopyFiles */,
			);
			buildRules = (
			);
			dependencies = (
			);
			name = krystal_test;
			productName = krystal_test;
			productReference = 8E0710331764EDC9009467EC /* krystal_test */;
			productType = "com.apple.product-type.tool";
		};
/* End PBXNativeTarget section */

/* Begin PBXProject section */
		8E0710291764ED8C009467EC /* Project object */ = {
			isa = PBXProject;
			attributes = {
				LastUpgradeCheck = 0500;
			};
			buildConfigurationList = 8E07102C1764ED8C009467EC /* Build configuration list for PBXProject "Krystal" */;
			compatibilityVersion = "Xcode 3.2";
			developmentRegion = English;
			hasScannedForEncodings = 0;
			knownRegions = (
				en,
			);
			mainGroup = 8E0710281764ED8C009467EC;
			productRefGroup = 8E0710341764EDC9009467EC /* Products */;
			projectDirPath = "";
			projectRoot = "";
			targets = (
				8E0710321764EDC9009467EC /* krystal_test */,
			);
		};
/* End PBXProject section */

/* Begin PBXSourcesBuildPhase section */
		8E07102F1764EDC9009467EC /* Sources */ = {
			isa = PBXSourcesBuildPhase;
			buildActionMask = 2147483647;
			files = (
				8EE2B278176B38FC0046FC5B /* checks.cpp in Sources */,
				8EE2B27B176B38FC0046FC5B /* Test.cpp in Sources */,
				8EE2B279176B38FC0046FC5B /* helpers.cpp in Sources */,
				8E0710411764EE12009467EC /* krystal_test.cpp in Sources */,
				8E071044176504AB009467EC /* document.cpp in Sources */,
				8EE2B27A176B38FC0046FC5B /* Inquisition.cpp in Sources */,
				8EE2B27C176B38FC0046FC5B /* TestReport.cpp in Sources */,
				8E0710471765C8A7009467EC /* reader.cpp in Sources */,
				8E07104A1765C8ED009467EC /* value.cpp in Sources */,
				8EE2B27D176B38FC0046FC5B /* TestRun.cpp in Sources */,
			);
			runOnlyForDeploymentPostprocessing = 0;
		};
/* End PBXSourcesBuildPhase section */

/* Begin XCBuildConfiguration section */
		8E07102D1764ED8C009467EC /* Debug */ = {
			isa = XCBuildConfiguration;
			buildSettings = {
				ONLY_ACTIVE_ARCH = YES;
			};
			name = Debug;
		};
		8E07102E1764ED8C009467EC /* Release */ = {
			isa = XCBuildConfiguration;
			buildSettings = {
			};
			name = Release;
		};
		8E07103B1764EDC9009467EC /* Debug */ = {
			isa = XCBuildConfiguration;
			buildSettings = {
				ALWAYS_SEARCH_USER_PATHS = NO;
				CLANG_CXX_LANGUAGE_STANDARD = "gnu++0x";
				CLANG_CXX_LIBRARY = "libc++";
				CLANG_LINK_OBJC_RUNTIME = NO;
				CLANG_WARN_CONSTANT_CONVERSION = YES;
				CLANG_WARN_EMPTY_BODY = YES;
				CLANG_WARN_ENUM_CONVERSION = YES;
				CLANG_WARN_INT_CONVERSION = YES;
				CLANG_WARN__DUPLICATE_METHOD_MATCH = YES;
				COPY_PHASE_STRIP = NO;
				GCC_C_LANGUAGE_STANDARD = gnu99;
				GCC_DYNAMIC_NO_PIC = NO;
				GCC_ENABLE_OBJC_EXCEPTIONS = YES;
				GCC_ENABLE_PASCAL_STRINGS = NO;
				GCC_OPTIMIZATION_LEVEL = 0;
				GCC_PREPROCESSOR_DEFINITIONS = (
					"DEBUG=1",
					"$(inherited)",
				);
				GCC_SYMBOLS_PRIVATE_EXTERN = NO;
				GCC_WARN_64_TO_32_BIT_CONVERSION = YES;
				GCC_WARN_ABOUT_RETURN_TYPE = YES;
				GCC_WARN_HIDDEN_VIRTUAL_FUNCTIONS = YES;
				GCC_WARN_NON_VIRTUAL_DESTRUCTOR = YES;
				GCC_WARN_UNINITIALIZED_AUTOS = YES;
				GCC_WARN_UNUSED_VARIABLE = YES;
				HEADER_SEARCH_PATHS = ../;
				MACOSX_DEPLOYMENT_TARGET = 10.8;
				ONLY_ACTIVE_ARCH = YES;
				PRODUCT_NAME = "$(TARGET_NAME)";
				SDKROOT = macosx;
			};
			name = Debug;
		};
		8E07103C1764EDC9009467EC /* Release */ = {
			isa = XCBuildConfiguration;
			buildSettings = {
				ALWAYS_SEARCH_USER_PATHS = NO;
				CLANG_CXX_LANGUAGE_STANDARD = "gnu++0x";
				CLANG_CXX_LIBRARY = "libc++";
				CLANG_LINK_OBJC_RUNTIME = NO;
				CLANG_WARN_CONSTANT_CONVERSION = YES;
				CLANG_WARN_EMPTY_BODY = YES;
				CLANG_WARN_ENUM_CONVERSION = YES;
				CLANG_WARN_INT_CONVERSION = YES;
				CLANG_WARN__DUPLICATE_METHOD_MATCH = YES;
				COPY_PHASE_STRIP = YES;
				DEBUG_INFORMATION_FORMAT = "dwarf-with-dsym";
				GCC_C_LANGUAGE_STANDARD = gnu99;
				GCC_ENABLE_OBJC_EXCEPTIONS = YES;
				GCC_ENABLE_PASCAL_STRINGS = NO;
				GCC_WARN_64_TO_32_BIT_CONVERSION = YES;
				GCC_WARN_ABOUT_RETURN_TYPE = YES;
				GCC_WARN_HIDDEN_VIRTUAL_FUNCTIONS = YES;
				GCC_WARN_NON_VIRTUAL_DESTRUCTOR = YES;
				GCC_WARN_UNINITIALIZED_AUTOS = YES;
				GCC_WARN_UNUSED_VARIABLE = YES;
				HEADER_SEARCH_PATHS = ../;
				MACOSX_DEPLOYMENT_TARGET = 10.8;
				PRODUCT_NAME = "$(TARGET_NAME)";
				SDKROOT = macosx;
			};
			name = Release;
		};
/* End XCBuildConfiguration section */

/* Begin XCConfigurationList section */
		8E07102C1764ED8C009467EC /* Build configuration list for PBXProject "Krystal" */ = {
			isa = XCConfigurationList;
			buildConfigurations = (
				8E07102D1764ED8C009467EC /* Debug */,
				8E07102E1764ED8C009467EC /* Release */,
			);
			defaultConfigurationIsVisible = 0;
			defaultConfigurationName = Release;
		};
		8E07103A1764EDC9009467EC /* Build configuration list for PBXNativeTarget "krystal_test" */ = {
			isa = XCConfigurationList;
			buildConfigurations = (
				8E07103B1764EDC9009467EC /* Debug */,
				8E07103C1764EDC9009467EC /* Release */,
			);
			defaultConfigurationIsVisible = 0;
			defaultConfigurationName = Release;
		};
/* End XCConfigurationList section */
	};
	rootObject = 8E0710291764ED8C009467EC /* Project object */;
}
